
Microsoft Visual Studio Solution File, Format Version 12.00
# Visual Studio Version 16
VisualStudioVersion = 16.0.30114.105
MinimumVisualStudioVersion = 10.0.40219.1
Project("{9A19103F-16F7-4668-BE54-9A1E7A4F7556}") = "Bank.API", "Bank.API\Bank.API.csproj", "{E690901B-B52F-4A53-9977-82BF2B4FBEE8}"
EndProject
Project("{9A19103F-16F7-4668-BE54-9A1E7A4F7556}") = "Bank.DataAccess", "Bank.DataAccess\Bank.DataAccess.csproj", "{EDE2581A-B7D0-42F0-A1BD-52367D20B678}"
EndProject
Project("{9A19103F-16F7-4668-BE54-9A1E7A4F7556}") = "Bank.BusinessLogic", "Bank.BusinessLogic\Bank.BusinessLogic.csproj", "{50AB237C-B276-4100-B91B-3BF7DC5838BD}"
EndProject
Project("{9A19103F-16F7-4668-BE54-9A1E7A4F7556}") = "Bank.Entities", "Bank.Entities\Bank.Entities.csproj", "{11A87BC0-9B9F-4E58-8409-78551ACD124C}"
EndProject
Global
	GlobalSection(SolutionConfigurationPlatforms) = preSolution
		Debug|Any CPU = Debug|Any CPU
		Release|Any CPU = Release|Any CPU
	EndGlobalSection
	GlobalSection(ProjectConfigurationPlatforms) = postSolution
		{E690901B-B52F-4A53-9977-82BF2B4FBEE8}.Debug|Any CPU.ActiveCfg = Debug|Any CPU
		{E690901B-B52F-4A53-9977-82BF2B4FBEE8}.Debug|Any CPU.Build.0 = Debug|Any CPU
		{E690901B-B52F-4A53-9977-82BF2B4FBEE8}.Release|Any CPU.ActiveCfg = Release|Any CPU
		{E690901B-B52F-4A53-9977-82BF2B4FBEE8}.Release|Any CPU.Build.0 = Release|Any CPU
		{EDE2581A-B7D0-42F0-A1BD-52367D20B678}.Debug|Any CPU.ActiveCfg = Debug|Any CPU
		{EDE2581A-B7D0-42F0-A1BD-52367D20B678}.Debug|Any CPU.Build.0 = Debug|Any CPU
		{EDE2581A-B7D0-42F0-A1BD-52367D20B678}.Release|Any CPU.ActiveCfg = Release|Any CPU
		{EDE2581A-B7D0-42F0-A1BD-52367D20B678}.Release|Any CPU.Build.0 = Release|Any CPU
		{50AB237C-B276-4100-B91B-3BF7DC5838BD}.Debug|Any CPU.ActiveCfg = Debug|Any CPU
		{50AB237C-B276-4100-B91B-3BF7DC5838BD}.Debug|Any CPU.Build.0 = Debug|Any CPU
		{50AB237C-B276-4100-B91B-3BF7DC5838BD}.Release|Any CPU.ActiveCfg = Release|Any CPU
		{50AB237C-B276-4100-B91B-3BF7DC5838BD}.Release|Any CPU.Build.0 = Release|Any CPU
		{11A87BC0-9B9F-4E58-8409-78551ACD124C}.Debug|Any CPU.ActiveCfg = Debug|Any CPU
		{11A87BC0-9B9F-4E58-8409-78551ACD124C}.Debug|Any CPU.Build.0 = Debug|Any CPU
		{11A87BC0-9B9F-4E58-8409-78551ACD124C}.Release|Any CPU.ActiveCfg = Release|Any CPU
		{11A87BC0-9B9F-4E58-8409-78551ACD124C}.Release|Any CPU.Build.0 = Release|Any CPU
	EndGlobalSection
	GlobalSection(SolutionProperties) = preSolution
		HideSolutionNode = FALSE
	EndGlobalSection
	GlobalSection(ExtensibilityGlobals) = postSolution
		SolutionGuid = {58ADF6EB-6745-4735-A737-127B86F0548E}
	EndGlobalSection
EndGlobal
